// !$*UTF8*$!
{
	archiveVersion = 1;
	classes = {
	};
	objectVersion = 46;
	objects = {

/* Begin PBXBuildFile section */
		DDBCFBF01E52208C00E4CBDC /* AppDelegate.swift in Sources */ = {isa = PBXBuildFile; fileRef = DDBCFBEF1E52208C00E4CBDC /* AppDelegate.swift */; };
		DDBCFBF21E52208C00E4CBDC /* ViewController.swift in Sources */ = {isa = PBXBuildFile; fileRef = DDBCFBF11E52208C00E4CBDC /* ViewController.swift */; };
		DDBCFBF51E52208C00E4CBDC /* Main.storyboard in Resources */ = {isa = PBXBuildFile; fileRef = DDBCFBF31E52208C00E4CBDC /* Main.storyboard */; };
		DDBCFBF71E52208C00E4CBDC /* Assets.xcassets in Resources */ = {isa = PBXBuildFile; fileRef = DDBCFBF61E52208C00E4CBDC /* Assets.xcassets */; };
		DDBCFBFA1E52208C00E4CBDC /* LaunchScreen.storyboard in Resources */ = {isa = PBXBuildFile; fileRef = DDBCFBF81E52208C00E4CBDC /* LaunchScreen.storyboard */; };
/* End PBXBuildFile section */

/* Begin PBXFileReference section */
		DDBCFBEC1E52208C00E4CBDC /* myproject.app */ = {isa = PBXFileReference; explicitFileType = wrapper.application; includeInIndex = 0; path = myproject.app; sourceTree = BUILT_PRODUCTS_DIR; };
		DDBCFBEF1E52208C00E4CBDC /* AppDelegate.swift */ = {isa = PBXFileReference; lastKnownFileType = sourcecode.swift; path = AppDelegate.swift; sourceTree = "<group>"; };
		DDBCFBF11E52208C00E4CBDC /* ViewController.swift */ = {isa = PBXFileReference; lastKnownFileType = sourcecode.swift; path = ViewController.swift; sourceTree = "<group>"; };
		DDBCFBF41E52208C00E4CBDC /* Base */ = {isa = PBXFileReference; lastKnownFileType = file.storyboard; name = Base; path = Base.lproj/Main.storyboard; sourceTree = "<group>"; };
		DDBCFBF61E52208C00E4CBDC /* Assets.xcassets */ = {isa = PBXFileReference; lastKnownFileType = folder.assetcatalog; path = Assets.xcassets; sourceTree = "<group>"; };
		DDBCFBF91E52208C00E4CBDC /* Base */ = {isa = PBXFileReference; lastKnownFileType = file.storyboard; name = Base; path = Base.lproj/LaunchScreen.storyboard; sourceTree = "<group>"; };
		DDBCFBFB1E52208C00E4CBDC /* Info.plist */ = {isa = PBXFileReference; lastKnownFileType = text.plist.xml; path = Info.plist; sourceTree = "<group>"; };
/* End PBXFileReference section */

/* Begin PBXFrameworksBuildPhase section */
		DDBCFBE91E52208C00E4CBDC /* Frameworks */ = {
			isa = PBXFrameworksBuildPhase;
			buildActionMask = 2147483647;
			files = (
			);
			runOnlyForDeploymentPostprocessing = 0;
		};
/* End PBXFrameworksBuildPhase section */

/* Begin PBXGroup section */
		DDBCFBE31E52208C00E4CBDC = {
			isa = PBXGroup;
			children = (
				DDBCFBEE1E52208C00E4CBDC /* myproject */,
				DDBCFBED1E52208C00E4CBDC /* Products */,
			);
			sourceTree = "<group>";
		};
		DDBCFBED1E52208C00E4CBDC /* Products */ = {
			isa = PBXGroup;
			children = (
				DDBCFBEC1E52208C00E4CBDC /* myproject.app */,
			);
			name = Products;
			sourceTree = "<group>";
		};
		DDBCFBEE1E52208C00E4CBDC /* myproject */ = {
			isa = PBXGroup;
			children = (
				DDBCFBEF1E52208C00E4CBDC /* AppDelegate.swift */,
				DDBCFBF11E52208C00E4CBDC /* ViewController.swift */,
				DDBCFBF31E52208C00E4CBDC /* Main.storyboard */,
				DDBCFBF61E52208C00E4CBDC /* Assets.xcassets */,
				DDBCFBF81E52208C00E4CBDC /* LaunchScreen.storyboard */,
				DDBCFBFB1E52208C00E4CBDC /* Info.plist */,
			);
			path = myproject;
			sourceTree = "<group>";
		};
/* End PBXGroup section */

/* Begin PBXNativeTarget section */
		DDBCFBEB1E52208C00E4CBDC /* myproject */ = {
			isa = PBXNativeTarget;
			buildConfigurationList = DDBCFBFE1E52208C00E4CBDC /* Build configuration list for PBXNativeTarget "myproject" */;
			buildPhases = (
				DDBCFBE81E52208C00E4CBDC /* Sources */,
				DDBCFBE91E52208C00E4CBDC /* Frameworks */,
				DDBCFBEA1E52208C00E4CBDC /* Resources */,
			);
			buildRules = (
			);
			dependencies = (
			);
			name = myproject;
			productName = myproject;
			productReference = DDBCFBEC1E52208C00E4CBDC /* myproject.app */;
			productType = "com.apple.product-type.application";
		};
/* End PBXNativeTarget section */

/* Begin PBXProject section */
		DDBCFBE41E52208C00E4CBDC /* Project object */ = {
			isa = PBXProject;
			attributes = {
				LastSwiftUpdateCheck = 0820;
				LastUpgradeCheck = 0820;
				ORGANIZATIONNAME = "Anil Reddy";
				TargetAttributes = {
					DDBCFBEB1E52208C00E4CBDC = {
						CreatedOnToolsVersion = 8.2.1;
						DevelopmentTeam = XP45ZT7B36;
						ProvisioningStyle = Automatic;
					};
				};
			};
			buildConfigurationList = DDBCFBE71E52208C00E4CBDC /* Build configuration list for PBXProject "myproject" */;
			compatibilityVersion = "Xcode 3.2";
			developmentRegion = English;
			hasScannedForEncodings = 0;
			knownRegions = (
				en,
				Base,
			);
			mainGroup = DDBCFBE31E52208C00E4CBDC;
			productRefGroup = DDBCFBED1E52208C00E4CBDC /* Products */;
			projectDirPath = "";
			projectRoot = "";
			targets = (
				DDBCFBEB1E52208C00E4CBDC /* myproject */,
			);
		};
/* End PBXProject section */

/* Begin PBXResourcesBuildPhase section */
		DDBCFBEA1E52208C00E4CBDC /* Resources */ = {
			isa = PBXResourcesBuildPhase;
			buildActionMask = 2147483647;
			files = (
				DDBCFBFA1E52208C00E4CBDC /* LaunchScreen.storyboard in Resources */,
				DDBCFBF71E52208C00E4CBDC /* Assets.xcassets in Resources */,
				DDBCFBF51E52208C00E4CBDC /* Main.storyboard in Resources */,
			);
			runOnlyForDeploymentPostprocessing = 0;
		};
/* End PBXResourcesBuildPhase section */

/* Begin PBXSourcesBuildPhase section */
		DDBCFBE81E52208C00E4CBDC /* Sources */ = {
			isa = PBXSourcesBuildPhase;
			buildActionMask = 2147483647;
			files = (
				DDBCFBF21E52208C00E4CBDC /* ViewController.swift in Sources */,
				DDBCFBF01E52208C00E4CBDC /* AppDelegate.swift in Sources */,
			);
			runOnlyForDeploymentPostprocessing = 0;
		};
/* End PBXSourcesBuildPhase section */

/* Begin PBXVariantGroup section */
		DDBCFBF31E52208C00E4CBDC /* Main.storyboard */ = {
			isa = PBXVariantGroup;
			children = (
				DDBCFBF41E52208C00E4CBDC /* Base */,
			);
			name = Main.storyboard;
			sourceTree = "<group>";
		};
		DDBCFBF81E52208C00E4CBDC /* LaunchScreen.storyboard */ = {
			isa = PBXVariantGroup;
			children = (
				DDBCFBF91E52208C00E4CBDC /* Base */,
			);
			name = LaunchScreen.storyboard;
			sourceTree = "<group>";
		};
/* End PBXVariantGroup section */

/* Begin XCBuildConfiguration section */
		DDBCFBFC1E52208C00E4CBDC /* Debug */ = {
			isa = XCBuildConfiguration;
			buildSettings = {
				ALWAYS_SEARCH_USER_PATHS = NO;
				CLANG_ANALYZER_NONNULL = YES;
				CLANG_CXX_LANGUAGE_STANDARD = "gnu++0x";
				CLANG_CXX_LIBRARY = "libc++";
				CLANG_ENABLE_MODULES = YES;
				CLANG_ENABLE_OBJC_ARC = YES;
				CLANG_WARN_BOOL_CONVERSION = YES;
				CLANG_WARN_CONSTANT_CONVERSION = YES;
				CLANG_WARN_DIRECT_OBJC_ISA_USAGE = YES_ERROR;
				CLANG_WARN_DOCUMENTATION_COMMENTS = YES;
				CLANG_WARN_EMPTY_BODY = YES;
				CLANG_WARN_ENUM_CONVERSION = YES;
				CLANG_WARN_INFINITE_RECURSION = YES;
				CLANG_WARN_INT_CONVERSION = YES;
				CLANG_WARN_OBJC_ROOT_CLASS = YES_ERROR;
				CLANG_WARN_SUSPICIOUS_MOVE = YES;
				CLANG_WARN_UNREACHABLE_CODE = YES;
				CLANG_WARN__DUPLICATE_METHOD_MATCH = YES;
				"CODE_SIGN_IDENTITY[sdk=iphoneos*]" = "iPhone Developer";
				COPY_PHASE_STRIP = NO;
				DEBUG_INFORMATION_FORMAT = dwarf;
				ENABLE_STRICT_OBJC_MSGSEND = YES;
				ENABLE_TESTABILITY = YES;
				GCC_C_LANGUAGE_STANDARD = gnu99;
				GCC_DYNAMIC_NO_PIC = NO;
				GCC_NO_COMMON_BLOCKS = YES;
				GCC_OPTIMIZATION_LEVEL = 0;
				GCC_PREPROCESSOR_DEFINITIONS = (
					"DEBUG=1",
					"$(inherited)",
				);
				GCC_WARN_64_TO_32_BIT_CONVERSION = YES;
				GCC_WARN_ABOUT_RETURN_TYPE = YES_ERROR;
				GCC_WARN_UNDECLARED_SELECTOR = YES;
				GCC_WARN_UNINITIALIZED_AUTOS = YES_AGGRESSIVE;
				GCC_WARN_UNUSED_FUNCTION = YES;
				GCC_WARN_UNUSED_VARIABLE = YES;
				IPHONEOS_DEPLOYMENT_TARGET = 10.2;
				MTL_ENABLE_DEBUG_INFO = YES;
				ONLY_ACTIVE_ARCH = YES;
				SDKROOT = iphoneos;
				SWIFT_ACTIVE_COMPILATION_CONDITIONS = DEBUG;
				SWIFT_OPTIMIZATION_LEVEL = "-Onone";
				TARGETED_DEVICE_FAMILY = "1,2";
			};
			name = Debug;
		};
		DDBCFBFD1E52208C00E4CBDC /* Release */ = {
			isa = XCBuildConfiguration;
			buildSettings = {
				ALWAYS_SEARCH_USER_PATHS = NO;
				CLANG_ANALYZER_NONNULL = YES;
				CLANG_CXX_LANGUAGE_STANDARD = "gnu++0x";
				CLANG_CXX_LIBRARY = "libc++";
				CLANG_ENABLE_MODULES = YES;
				CLANG_ENABLE_OBJC_ARC = YES;
				CLANG_WARN_BOOL_CONVERSION = YES;
				CLANG_WARN_CONSTANT_CONVERSION = YES;
				CLANG_WARN_DIRECT_OBJC_ISA_USAGE = YES_ERROR;
				CLANG_WARN_DOCUMENTATION_COMMENTS = YES;
				CLANG_WARN_EMPTY_BODY = YES;
				CLANG_WARN_ENUM_CONVERSION = YES;
				CLANG_WARN_INFINITE_RECURSION = YES;
				CLANG_WARN_INT_CONVERSION = YES;
				CLANG_WARN_OBJC_ROOT_CLASS = YES_ERROR;
				CLANG_WARN_SUSPICIOUS_MOVE = YES;
				CLANG_WARN_UNREACHABLE_CODE = YES;
				CLANG_WARN__DUPLICATE_METHOD_MATCH = YES;
				"CODE_SIGN_IDENTITY[sdk=iphoneos*]" = "iPhone Developer";
				COPY_PHASE_STRIP = NO;
				DEBUG_INFORMATION_FORMAT = "dwarf-with-dsym";
				ENABLE_NS_ASSERTIONS = NO;
				ENABLE_STRICT_OBJC_MSGSEND = YES;
				GCC_C_LANGUAGE_STANDARD = gnu99;
				GCC_NO_COMMON_BLOCKS = YES;
				GCC_WARN_64_TO_32_BIT_CONVERSION = YES;
				GCC_WARN_ABOUT_RETURN_TYPE = YES_ERROR;
				GCC_WARN_UNDECLARED_SELECTOR = YES;
				GCC_WARN_UNINITIALIZED_AUTOS = YES_AGGRESSIVE;
				GCC_WARN_UNUSED_FUNCTION = YES;
				GCC_WARN_UNUSED_VARIABLE = YES;
				IPHONEOS_DEPLOYMENT_TARGET = 10.2;
				MTL_ENABLE_DEBUG_INFO = NO;
				SDKROOT = iphoneos;
				SWIFT_OPTIMIZATION_LEVEL = "-Owholemodule";
				TARGETED_DEVICE_FAMILY = "1,2";
				VALIDATE_PRODUCT = YES;
			};
			name = Release;
		};
		DDBCFBFF1E52208C00E4CBDC /* Debug */ = {
			isa = XCBuildConfiguration;
			buildSettings = {
				ASSETCATALOG_COMPILER_APPICON_NAME = AppIcon;
				DEVELOPMENT_TEAM = XP45ZT7B36;
				INFOPLIST_FILE = myproject/Info.plist;
				LD_RUNPATH_SEARCH_PATHS = "$(inherited) @executable_path/Frameworks";
				PRODUCT_BUNDLE_IDENTIFIER = personal.myproject;
				PRODUCT_NAME = "$(TARGET_NAME)";
				SWIFT_VERSION = 3.0;
			};
			name = Debug;
		};
		DDBCFC001E52208C00E4CBDC /* Release */ = {
			isa = XCBuildConfiguration;
			buildSettings = {
				ASSETCATALOG_COMPILER_APPICON_NAME = AppIcon;
				DEVELOPMENT_TEAM = XP45ZT7B36;
				INFOPLIST_FILE = myproject/Info.plist;
				LD_RUNPATH_SEARCH_PATHS = "$(inherited) @executable_path/Frameworks";
				PRODUCT_BUNDLE_IDENTIFIER = personal.myproject;
				PRODUCT_NAME = "$(TARGET_NAME)";
				SWIFT_VERSION = 3.0;
			};
			name = Release;
		};
/* End XCBuildConfiguration section */

/* Begin XCConfigurationList section */
		DDBCFBE71E52208C00E4CBDC /* Build configuration list for PBXProject "myproject" */ = {
			isa = XCConfigurationList;
			buildConfigurations = (
				DDBCFBFC1E52208C00E4CBDC /* Debug */,
				DDBCFBFD1E52208C00E4CBDC /* Release */,
			);
			defaultConfigurationIsVisible = 0;
			defaultConfigurationName = Release;
		};
		DDBCFBFE1E52208C00E4CBDC /* Build configuration list for PBXNativeTarget "myproject" */ = {
			isa = XCConfigurationList;
			buildConfigurations = (
				DDBCFBFF1E52208C00E4CBDC /* Debug */,
				DDBCFC001E52208C00E4CBDC /* Release */,
			);
			defaultConfigurationIsVisible = 0;
		};
/* End XCConfigurationList section */
	};
	rootObject = DDBCFBE41E52208C00E4CBDC /* Project object */;
}
